
Microsoft Visual Studio Solution File, Format Version 12.00
# Visual Studio Version 17
VisualStudioVersion = 17.0.31903.59
MinimumVisualStudioVersion = 10.0.40219.1
Project("{FAE04EC0-301F-11D3-BF4B-00C04F79EFBC}") = "InterestingCases", "InterestingCases.csproj", "{F32DE98F-35C4-4FFD-A85D-3721A7A82D35}"
EndProject
Global
	GlobalSection(SolutionConfigurationPlatforms) = preSolution
		Debug|Any CPU = Debug|Any CPU
		Release|Any CPU = Release|Any CPU
	EndGlobalSection
	GlobalSection(ProjectConfigurationPlatforms) = postSolution
		{F32DE98F-35C4-4FFD-A85D-3721A7A82D35}.Debug|Any CPU.ActiveCfg = Debug|Any CPU
		{F32DE98F-35C4-4FFD-A85D-3721A7A82D35}.Debug|Any CPU.Build.0 = Debug|Any CPU
		{F32DE98F-35C4-4FFD-A85D-3721A7A82D35}.Release|Any CPU.ActiveCfg = Release|Any CPU
		{F32DE98F-35C4-4FFD-A85D-3721A7A82D35}.Release|Any CPU.Build.0 = Release|Any CPU
	EndGlobalSection
	GlobalSection(SolutionProperties) = preSolution
		HideSolutionNode = FALSE
	EndGlobalSection
	GlobalSection(ExtensibilityGlobals) = postSolution
		SolutionGuid = {9E5C15DA-7E71-4CEF-BA51-D054F4AAFF2B}
	EndGlobalSection
EndGlobal
